
Microsoft Visual Studio Solution File, Format Version 12.00
# Visual Studio Version 16
VisualStudioVersion = 16.0.28803.156
MinimumVisualStudioVersion = 10.0.40219.1
Project("{FAE04EC0-301F-11D3-BF4B-00C04F79EFBC}") = "Powershell5.DI", "Powershell5.DI\Powershell5.DI.csproj", "{A953C2D7-6A18-4079-9214-9FC89F3D1862}"
EndProject
Project("{FAE04EC0-301F-11D3-BF4B-00C04F79EFBC}") = "Powershell5.DI.Tests", "Powershell5.DI.Tests\Powershell5.DI.Tests.csproj", "{ED13F1F6-050F-434B-8768-FAB6101913BF}"
EndProject
Global
	GlobalSection(SolutionConfigurationPlatforms) = preSolution
		Debug|Any CPU = Debug|Any CPU
		Release|Any CPU = Release|Any CPU
	EndGlobalSection
	GlobalSection(ProjectConfigurationPlatforms) = postSolution
		{A953C2D7-6A18-4079-9214-9FC89F3D1862}.Debug|Any CPU.ActiveCfg = Debug|Any CPU
		{A953C2D7-6A18-4079-9214-9FC89F3D1862}.Debug|Any CPU.Build.0 = Debug|Any CPU
		{A953C2D7-6A18-4079-9214-9FC89F3D1862}.Release|Any CPU.ActiveCfg = Release|Any CPU
		{A953C2D7-6A18-4079-9214-9FC89F3D1862}.Release|Any CPU.Build.0 = Release|Any CPU
		{ED13F1F6-050F-434B-8768-FAB6101913BF}.Debug|Any CPU.ActiveCfg = Debug|Any CPU
		{ED13F1F6-050F-434B-8768-FAB6101913BF}.Debug|Any CPU.Build.0 = Debug|Any CPU
		{ED13F1F6-050F-434B-8768-FAB6101913BF}.Release|Any CPU.ActiveCfg = Release|Any CPU
		{ED13F1F6-050F-434B-8768-FAB6101913BF}.Release|Any CPU.Build.0 = Release|Any CPU
	EndGlobalSection
	GlobalSection(SolutionProperties) = preSolution
		HideSolutionNode = FALSE
	EndGlobalSection
	GlobalSection(ExtensibilityGlobals) = postSolution
		SolutionGuid = {83A24DB4-EE0D-4F61-8371-644C63285F91}
	EndGlobalSection
EndGlobal
